// !$*UTF8*$!
{
	archiveVersion = 1;
	classes = {
	};
	objectVersion = 56;
	objects = {

/* Begin PBXBuildFile section */
		2E6AAAD32B69192000342215 /* NotificationView.swift in Sources */ = {isa = PBXBuildFile; fileRef = 2E6AAAD22B69192000342215 /* NotificationView.swift */; };
		2E95A4CF2B66189D00B0E911 /* SDWebImageSwiftUI in Frameworks */ = {isa = PBXBuildFile; productRef = 2E95A4CE2B66189D00B0E911 /* SDWebImageSwiftUI */; };
		2E95A4D12B661A0B00B0E911 /* ProfileImageView.swift in Sources */ = {isa = PBXBuildFile; fileRef = 2E95A4D02B661A0B00B0E911 /* ProfileImageView.swift */; };
		2E95A4D32B66410A00B0E911 /* FeedView.swift in Sources */ = {isa = PBXBuildFile; fileRef = 2E95A4D22B66410A00B0E911 /* FeedView.swift */; };
		2E95A4D52B66411300B0E911 /* FeedCell.swift in Sources */ = {isa = PBXBuildFile; fileRef = 2E95A4D42B66411300B0E911 /* FeedCell.swift */; };
		2E95A4D72B669D6300B0E911 /* SearchView.swift in Sources */ = {isa = PBXBuildFile; fileRef = 2E95A4D62B669D6300B0E911 /* SearchView.swift */; };
		2EC8B9982B6545C700C3F98B /* InstagramApp.swift in Sources */ = {isa = PBXBuildFile; fileRef = 2EC8B9972B6545C700C3F98B /* InstagramApp.swift */; };
		2EC8B99A2B6545C700C3F98B /* ContentView.swift in Sources */ = {isa = PBXBuildFile; fileRef = 2EC8B9992B6545C700C3F98B /* ContentView.swift */; };
		2EC8B99C2B6545C800C3F98B /* Assets.xcassets in Resources */ = {isa = PBXBuildFile; fileRef = 2EC8B99B2B6545C800C3F98B /* Assets.xcassets */; };
		2EC8B99F2B6545C800C3F98B /* Preview Assets.xcassets in Resources */ = {isa = PBXBuildFile; fileRef = 2EC8B99E2B6545C800C3F98B /* Preview Assets.xcassets */; };
		2EC8B9B32B65487D00C3F98B /* MainTabView.swift in Sources */ = {isa = PBXBuildFile; fileRef = 2EC8B9B22B65487D00C3F98B /* MainTabView.swift */; };
		2EC8B9B52B654A0C00C3F98B /* ProfileView.swift in Sources */ = {isa = PBXBuildFile; fileRef = 2EC8B9B42B654A0C00C3F98B /* ProfileView.swift */; };
		2EC8B9B82B65567D00C3F98B /* UserStatView.swift in Sources */ = {isa = PBXBuildFile; fileRef = 2EC8B9B72B65567D00C3F98B /* UserStatView.swift */; };
		2EC8B9BA2B65872400C3F98B /* AppConstants.swift in Sources */ = {isa = PBXBuildFile; fileRef = 2EC8B9B92B65872400C3F98B /* AppConstants.swift */; };
		2EC8B9BC2B65879500C3F98B /* StringExtension.swift in Sources */ = {isa = PBXBuildFile; fileRef = 2EC8B9BB2B65879500C3F98B /* StringExtension.swift */; };
		2ED853E42B8F4F2A00C5EECA /* LoginView.swift in Sources */ = {isa = PBXBuildFile; fileRef = 2ED853E32B8F4F2A00C5EECA /* LoginView.swift */; };
		2ED853E62B8F5A8A00C5EECA /* AddEmailView.swift in Sources */ = {isa = PBXBuildFile; fileRef = 2ED853E52B8F5A8A00C5EECA /* AddEmailView.swift */; };
/* End PBXBuildFile section */

/* Begin PBXFileReference section */
		2E6AAAD22B69192000342215 /* NotificationView.swift */ = {isa = PBXFileReference; lastKnownFileType = sourcecode.swift; path = NotificationView.swift; sourceTree = "<group>"; };
		2E95A4D02B661A0B00B0E911 /* ProfileImageView.swift */ = {isa = PBXFileReference; lastKnownFileType = sourcecode.swift; path = ProfileImageView.swift; sourceTree = "<group>"; };
		2E95A4D22B66410A00B0E911 /* FeedView.swift */ = {isa = PBXFileReference; lastKnownFileType = sourcecode.swift; path = FeedView.swift; sourceTree = "<group>"; };
		2E95A4D42B66411300B0E911 /* FeedCell.swift */ = {isa = PBXFileReference; lastKnownFileType = sourcecode.swift; path = FeedCell.swift; sourceTree = "<group>"; };
		2E95A4D62B669D6300B0E911 /* SearchView.swift */ = {isa = PBXFileReference; lastKnownFileType = sourcecode.swift; path = SearchView.swift; sourceTree = "<group>"; };
		2EC8B9942B6545C700C3F98B /* Instagram.app */ = {isa = PBXFileReference; explicitFileType = wrapper.application; includeInIndex = 0; path = Instagram.app; sourceTree = BUILT_PRODUCTS_DIR; };
		2EC8B9972B6545C700C3F98B /* InstagramApp.swift */ = {isa = PBXFileReference; lastKnownFileType = sourcecode.swift; path = InstagramApp.swift; sourceTree = "<group>"; };
		2EC8B9992B6545C700C3F98B /* ContentView.swift */ = {isa = PBXFileReference; lastKnownFileType = sourcecode.swift; path = ContentView.swift; sourceTree = "<group>"; };
		2EC8B99B2B6545C800C3F98B /* Assets.xcassets */ = {isa = PBXFileReference; lastKnownFileType = folder.assetcatalog; path = Assets.xcassets; sourceTree = "<group>"; };
		2EC8B99E2B6545C800C3F98B /* Preview Assets.xcassets */ = {isa = PBXFileReference; lastKnownFileType = folder.assetcatalog; path = "Preview Assets.xcassets"; sourceTree = "<group>"; };
		2EC8B9B22B65487D00C3F98B /* MainTabView.swift */ = {isa = PBXFileReference; lastKnownFileType = sourcecode.swift; path = MainTabView.swift; sourceTree = "<group>"; };
		2EC8B9B42B654A0C00C3F98B /* ProfileView.swift */ = {isa = PBXFileReference; lastKnownFileType = sourcecode.swift; path = ProfileView.swift; sourceTree = "<group>"; };
		2EC8B9B72B65567D00C3F98B /* UserStatView.swift */ = {isa = PBXFileReference; lastKnownFileType = sourcecode.swift; path = UserStatView.swift; sourceTree = "<group>"; };
		2EC8B9B92B65872400C3F98B /* AppConstants.swift */ = {isa = PBXFileReference; lastKnownFileType = sourcecode.swift; path = AppConstants.swift; sourceTree = "<group>"; };
		2EC8B9BB2B65879500C3F98B /* StringExtension.swift */ = {isa = PBXFileReference; lastKnownFileType = sourcecode.swift; path = StringExtension.swift; sourceTree = "<group>"; };
		2ED853E32B8F4F2A00C5EECA /* LoginView.swift */ = {isa = PBXFileReference; lastKnownFileType = sourcecode.swift; path = LoginView.swift; sourceTree = "<group>"; };
		2ED853E52B8F5A8A00C5EECA /* AddEmailView.swift */ = {isa = PBXFileReference; lastKnownFileType = sourcecode.swift; path = AddEmailView.swift; sourceTree = "<group>"; };
/* End PBXFileReference section */

/* Begin PBXFrameworksBuildPhase section */
		2EC8B9912B6545C700C3F98B /* Frameworks */ = {
			isa = PBXFrameworksBuildPhase;
			buildActionMask = 2147483647;
			files = (
				2E95A4CF2B66189D00B0E911 /* SDWebImageSwiftUI in Frameworks */,
			);
			runOnlyForDeploymentPostprocessing = 0;
		};
/* End PBXFrameworksBuildPhase section */

/* Begin PBXGroup section */
		2EC8B98B2B6545C700C3F98B = {
			isa = PBXGroup;
			children = (
				2EC8B9962B6545C700C3F98B /* Instagram */,
				2EC8B9952B6545C700C3F98B /* Products */,
			);
			sourceTree = "<group>";
		};
		2EC8B9952B6545C700C3F98B /* Products */ = {
			isa = PBXGroup;
			children = (
				2EC8B9942B6545C700C3F98B /* Instagram.app */,
			);
			name = Products;
			sourceTree = "<group>";
		};
		2EC8B9962B6545C700C3F98B /* Instagram */ = {
			isa = PBXGroup;
			children = (
				2EC8B9AA2B6547A300C3F98B /* App */,
				2EC8B9A92B6547A100C3F98B /* Services */,
				2EC8B9A82B65479F00C3F98B /* Core */,
				2EC8B9A72B65479D00C3F98B /* Extensions */,
				2EC8B9A62B65479900C3F98B /* Model */,
				2EC8B9992B6545C700C3F98B /* ContentView.swift */,
				2EC8B99B2B6545C800C3F98B /* Assets.xcassets */,
				2EC8B99D2B6545C800C3F98B /* Preview Content */,
			);
			path = Instagram;
			sourceTree = "<group>";
		};
		2EC8B99D2B6545C800C3F98B /* Preview Content */ = {
			isa = PBXGroup;
			children = (
				2EC8B99E2B6545C800C3F98B /* Preview Assets.xcassets */,
			);
			path = "Preview Content";
			sourceTree = "<group>";
		};
		2EC8B9A62B65479900C3F98B /* Model */ = {
			isa = PBXGroup;
			children = (
			);
			path = Model;
			sourceTree = "<group>";
		};
		2EC8B9A72B65479D00C3F98B /* Extensions */ = {
			isa = PBXGroup;
			children = (
				2EC8B9B92B65872400C3F98B /* AppConstants.swift */,
				2EC8B9BB2B65879500C3F98B /* StringExtension.swift */,
			);
			path = Extensions;
			sourceTree = "<group>";
		};
		2EC8B9A82B65479F00C3F98B /* Core */ = {
			isa = PBXGroup;
			children = (
				2EC8B9B62B65566200C3F98B /* Components */,
				2EC8B9B12B65484400C3F98B /* UploadPost */,
				2EC8B9B02B65483000C3F98B /* TabBar */,
				2EC8B9AF2B65482300C3F98B /* Search */,
				2EC8B9AE2B65481E00C3F98B /* Root */,
				2EC8B9AD2B65481200C3F98B /* Profile */,
				2EC8B9AC2B65480B00C3F98B /* Feed */,
				2EC8B9AB2B6547FC00C3F98B /* Authentication */,
				2E6AAAD22B69192000342215 /* NotificationView.swift */,
			);
			path = Core;
			sourceTree = "<group>";
		};
		2EC8B9A92B6547A100C3F98B /* Services */ = {
			isa = PBXGroup;
			children = (
			);
			path = Services;
			sourceTree = "<group>";
		};
		2EC8B9AA2B6547A300C3F98B /* App */ = {
			isa = PBXGroup;
			children = (
				2EC8B9972B6545C700C3F98B /* InstagramApp.swift */,
			);
			path = App;
			sourceTree = "<group>";
		};
		2EC8B9AB2B6547FC00C3F98B /* Authentication */ = {
			isa = PBXGroup;
			children = (
				2ED853E32B8F4F2A00C5EECA /* LoginView.swift */,
				2ED853E52B8F5A8A00C5EECA /* AddEmailView.swift */,
			);
			path = Authentication;
			sourceTree = "<group>";
		};
		2EC8B9AC2B65480B00C3F98B /* Feed */ = {
			isa = PBXGroup;
			children = (
				2E95A4D22B66410A00B0E911 /* FeedView.swift */,
				2E95A4D42B66411300B0E911 /* FeedCell.swift */,
			);
			path = Feed;
			sourceTree = "<group>";
		};
		2EC8B9AD2B65481200C3F98B /* Profile */ = {
			isa = PBXGroup;
			children = (
				2EC8B9B42B654A0C00C3F98B /* ProfileView.swift */,
			);
			path = Profile;
			sourceTree = "<group>";
		};
		2EC8B9AE2B65481E00C3F98B /* Root */ = {
			isa = PBXGroup;
			children = (
			);
			path = Root;
			sourceTree = "<group>";
		};
		2EC8B9AF2B65482300C3F98B /* Search */ = {
			isa = PBXGroup;
			children = (
				2E95A4D62B669D6300B0E911 /* SearchView.swift */,
			);
			path = Search;
			sourceTree = "<group>";
		};
		2EC8B9B02B65483000C3F98B /* TabBar */ = {
			isa = PBXGroup;
			children = (
				2EC8B9B22B65487D00C3F98B /* MainTabView.swift */,
			);
			path = TabBar;
			sourceTree = "<group>";
		};
		2EC8B9B12B65484400C3F98B /* UploadPost */ = {
			isa = PBXGroup;
			children = (
			);
			path = UploadPost;
			sourceTree = "<group>";
		};
		2EC8B9B62B65566200C3F98B /* Components */ = {
			isa = PBXGroup;
			children = (
				2EC8B9B72B65567D00C3F98B /* UserStatView.swift */,
				2E95A4D02B661A0B00B0E911 /* ProfileImageView.swift */,
			);
			path = Components;
			sourceTree = "<group>";
		};
/* End PBXGroup section */

/* Begin PBXNativeTarget section */
		2EC8B9932B6545C700C3F98B /* Instagram */ = {
			isa = PBXNativeTarget;
			buildConfigurationList = 2EC8B9A22B6545C800C3F98B /* Build configuration list for PBXNativeTarget "Instagram" */;
			buildPhases = (
				2EC8B9902B6545C700C3F98B /* Sources */,
				2EC8B9912B6545C700C3F98B /* Frameworks */,
				2EC8B9922B6545C700C3F98B /* Resources */,
			);
			buildRules = (
			);
			dependencies = (
			);
			name = Instagram;
			packageProductDependencies = (
				2E95A4CE2B66189D00B0E911 /* SDWebImageSwiftUI */,
			);
			productName = Instagram;
			productReference = 2EC8B9942B6545C700C3F98B /* Instagram.app */;
			productType = "com.apple.product-type.application";
		};
/* End PBXNativeTarget section */

/* Begin PBXProject section */
		2EC8B98C2B6545C700C3F98B /* Project object */ = {
			isa = PBXProject;
			attributes = {
				BuildIndependentTargetsInParallel = 1;
				LastSwiftUpdateCheck = 1520;
				LastUpgradeCheck = 1520;
				TargetAttributes = {
					2EC8B9932B6545C700C3F98B = {
						CreatedOnToolsVersion = 15.2;
					};
				};
			};
			buildConfigurationList = 2EC8B98F2B6545C700C3F98B /* Build configuration list for PBXProject "Instagram" */;
			compatibilityVersion = "Xcode 14.0";
			developmentRegion = en;
			hasScannedForEncodings = 0;
			knownRegions = (
				en,
				Base,
			);
			mainGroup = 2EC8B98B2B6545C700C3F98B;
			packageReferences = (
				2E95A4CD2B66189D00B0E911 /* XCRemoteSwiftPackageReference "SDWebImageSwiftUI" */,
			);
			productRefGroup = 2EC8B9952B6545C700C3F98B /* Products */;
			projectDirPath = "";
			projectRoot = "";
			targets = (
				2EC8B9932B6545C700C3F98B /* Instagram */,
			);
		};
/* End PBXProject section */

/* Begin PBXResourcesBuildPhase section */
		2EC8B9922B6545C700C3F98B /* Resources */ = {
			isa = PBXResourcesBuildPhase;
			buildActionMask = 2147483647;
			files = (
				2EC8B99F2B6545C800C3F98B /* Preview Assets.xcassets in Resources */,
				2EC8B99C2B6545C800C3F98B /* Assets.xcassets in Resources */,
			);
			runOnlyForDeploymentPostprocessing = 0;
		};
/* End PBXResourcesBuildPhase section */

/* Begin PBXSourcesBuildPhase section */
		2EC8B9902B6545C700C3F98B /* Sources */ = {
			isa = PBXSourcesBuildPhase;
			buildActionMask = 2147483647;
			files = (
				2E95A4D12B661A0B00B0E911 /* ProfileImageView.swift in Sources */,
				2E95A4D52B66411300B0E911 /* FeedCell.swift in Sources */,
				2E95A4D32B66410A00B0E911 /* FeedView.swift in Sources */,
				2ED853E62B8F5A8A00C5EECA /* AddEmailView.swift in Sources */,
				2EC8B9B52B654A0C00C3F98B /* ProfileView.swift in Sources */,
				2EC8B9BC2B65879500C3F98B /* StringExtension.swift in Sources */,
				2EC8B9BA2B65872400C3F98B /* AppConstants.swift in Sources */,
				2EC8B99A2B6545C700C3F98B /* ContentView.swift in Sources */,
				2EC8B9982B6545C700C3F98B /* InstagramApp.swift in Sources */,
				2EC8B9B82B65567D00C3F98B /* UserStatView.swift in Sources */,
				2EC8B9B32B65487D00C3F98B /* MainTabView.swift in Sources */,
				2ED853E42B8F4F2A00C5EECA /* LoginView.swift in Sources */,
				2E95A4D72B669D6300B0E911 /* SearchView.swift in Sources */,
				2E6AAAD32B69192000342215 /* NotificationView.swift in Sources */,
			);
			runOnlyForDeploymentPostprocessing = 0;
		};
/* End PBXSourcesBuildPhase section */

/* Begin XCBuildConfiguration section */
		2EC8B9A02B6545C800C3F98B /* Debug */ = {
			isa = XCBuildConfiguration;
			buildSettings = {
				ALWAYS_SEARCH_USER_PATHS = NO;
				ASSETCATALOG_COMPILER_GENERATE_SWIFT_ASSET_SYMBOL_EXTENSIONS = YES;
				CLANG_ANALYZER_NONNULL = YES;
				CLANG_ANALYZER_NUMBER_OBJECT_CONVERSION = YES_AGGRESSIVE;
				CLANG_CXX_LANGUAGE_STANDARD = "gnu++20";
				CLANG_ENABLE_MODULES = YES;
				CLANG_ENABLE_OBJC_ARC = YES;
				CLANG_ENABLE_OBJC_WEAK = YES;
				CLANG_WARN_BLOCK_CAPTURE_AUTORELEASING = YES;
				CLANG_WARN_BOOL_CONVERSION = YES;
				CLANG_WARN_COMMA = YES;
				CLANG_WARN_CONSTANT_CONVERSION = YES;
				CLANG_WARN_DEPRECATED_OBJC_IMPLEMENTATIONS = YES;
				CLANG_WARN_DIRECT_OBJC_ISA_USAGE = YES_ERROR;
				CLANG_WARN_DOCUMENTATION_COMMENTS = YES;
				CLANG_WARN_EMPTY_BODY = YES;
				CLANG_WARN_ENUM_CONVERSION = YES;
				CLANG_WARN_INFINITE_RECURSION = YES;
				CLANG_WARN_INT_CONVERSION = YES;
				CLANG_WARN_NON_LITERAL_NULL_CONVERSION = YES;
				CLANG_WARN_OBJC_IMPLICIT_RETAIN_SELF = YES;
				CLANG_WARN_OBJC_LITERAL_CONVERSION = YES;
				CLANG_WARN_OBJC_ROOT_CLASS = YES_ERROR;
				CLANG_WARN_QUOTED_INCLUDE_IN_FRAMEWORK_HEADER = YES;
				CLANG_WARN_RANGE_LOOP_ANALYSIS = YES;
				CLANG_WARN_STRICT_PROTOTYPES = YES;
				CLANG_WARN_SUSPICIOUS_MOVE = YES;
				CLANG_WARN_UNGUARDED_AVAILABILITY = YES_AGGRESSIVE;
				CLANG_WARN_UNREACHABLE_CODE = YES;
				CLANG_WARN__DUPLICATE_METHOD_MATCH = YES;
				COPY_PHASE_STRIP = NO;
				DEBUG_INFORMATION_FORMAT = dwarf;
				ENABLE_STRICT_OBJC_MSGSEND = YES;
				ENABLE_TESTABILITY = YES;
				ENABLE_USER_SCRIPT_SANDBOXING = YES;
				GCC_C_LANGUAGE_STANDARD = gnu17;
				GCC_DYNAMIC_NO_PIC = NO;
				GCC_NO_COMMON_BLOCKS = YES;
				GCC_OPTIMIZATION_LEVEL = 0;
				GCC_PREPROCESSOR_DEFINITIONS = (
					"DEBUG=1",
					"$(inherited)",
				);
				GCC_WARN_64_TO_32_BIT_CONVERSION = YES;
				GCC_WARN_ABOUT_RETURN_TYPE = YES_ERROR;
				GCC_WARN_UNDECLARED_SELECTOR = YES;
				GCC_WARN_UNINITIALIZED_AUTOS = YES_AGGRESSIVE;
				GCC_WARN_UNUSED_FUNCTION = YES;
				GCC_WARN_UNUSED_VARIABLE = YES;
				IPHONEOS_DEPLOYMENT_TARGET = 17.2;
				LOCALIZATION_PREFERS_STRING_CATALOGS = YES;
				MTL_ENABLE_DEBUG_INFO = INCLUDE_SOURCE;
				MTL_FAST_MATH = YES;
				ONLY_ACTIVE_ARCH = YES;
				SDKROOT = iphoneos;
				SWIFT_ACTIVE_COMPILATION_CONDITIONS = "DEBUG $(inherited)";
				SWIFT_OPTIMIZATION_LEVEL = "-Onone";
			};
			name = Debug;
		};
		2EC8B9A12B6545C800C3F98B /* Release */ = {
			isa = XCBuildConfiguration;
			buildSettings = {
				ALWAYS_SEARCH_USER_PATHS = NO;
				ASSETCATALOG_COMPILER_GENERATE_SWIFT_ASSET_SYMBOL_EXTENSIONS = YES;
				CLANG_ANALYZER_NONNULL = YES;
				CLANG_ANALYZER_NUMBER_OBJECT_CONVERSION = YES_AGGRESSIVE;
				CLANG_CXX_LANGUAGE_STANDARD = "gnu++20";
				CLANG_ENABLE_MODULES = YES;
				CLANG_ENABLE_OBJC_ARC = YES;
				CLANG_ENABLE_OBJC_WEAK = YES;
				CLANG_WARN_BLOCK_CAPTURE_AUTORELEASING = YES;
				CLANG_WARN_BOOL_CONVERSION = YES;
				CLANG_WARN_COMMA = YES;
				CLANG_WARN_CONSTANT_CONVERSION = YES;
				CLANG_WARN_DEPRECATED_OBJC_IMPLEMENTATIONS = YES;
				CLANG_WARN_DIRECT_OBJC_ISA_USAGE = YES_ERROR;
				CLANG_WARN_DOCUMENTATION_COMMENTS = YES;
				CLANG_WARN_EMPTY_BODY = YES;
				CLANG_WARN_ENUM_CONVERSION = YES;
				CLANG_WARN_INFINITE_RECURSION = YES;
				CLANG_WARN_INT_CONVERSION = YES;
				CLANG_WARN_NON_LITERAL_NULL_CONVERSION = YES;
				CLANG_WARN_OBJC_IMPLICIT_RETAIN_SELF = YES;
				CLANG_WARN_OBJC_LITERAL_CONVERSION = YES;
				CLANG_WARN_OBJC_ROOT_CLASS = YES_ERROR;
				CLANG_WARN_QUOTED_INCLUDE_IN_FRAMEWORK_HEADER = YES;
				CLANG_WARN_RANGE_LOOP_ANALYSIS = YES;
				CLANG_WARN_STRICT_PROTOTYPES = YES;
				CLANG_WARN_SUSPICIOUS_MOVE = YES;
				CLANG_WARN_UNGUARDED_AVAILABILITY = YES_AGGRESSIVE;
				CLANG_WARN_UNREACHABLE_CODE = YES;
				CLANG_WARN__DUPLICATE_METHOD_MATCH = YES;
				COPY_PHASE_STRIP = NO;
				DEBUG_INFORMATION_FORMAT = "dwarf-with-dsym";
				ENABLE_NS_ASSERTIONS = NO;
				ENABLE_STRICT_OBJC_MSGSEND = YES;
				ENABLE_USER_SCRIPT_SANDBOXING = YES;
				GCC_C_LANGUAGE_STANDARD = gnu17;
				GCC_NO_COMMON_BLOCKS = YES;
				GCC_WARN_64_TO_32_BIT_CONVERSION = YES;
				GCC_WARN_ABOUT_RETURN_TYPE = YES_ERROR;
				GCC_WARN_UNDECLARED_SELECTOR = YES;
				GCC_WARN_UNINITIALIZED_AUTOS = YES_AGGRESSIVE;
				GCC_WARN_UNUSED_FUNCTION = YES;
				GCC_WARN_UNUSED_VARIABLE = YES;
				IPHONEOS_DEPLOYMENT_TARGET = 17.2;
				LOCALIZATION_PREFERS_STRING_CATALOGS = YES;
				MTL_ENABLE_DEBUG_INFO = NO;
				MTL_FAST_MATH = YES;
				SDKROOT = iphoneos;
				SWIFT_COMPILATION_MODE = wholemodule;
				VALIDATE_PRODUCT = YES;
			};
			name = Release;
		};
		2EC8B9A32B6545C800C3F98B /* Debug */ = {
			isa = XCBuildConfiguration;
			buildSettings = {
				ASSETCATALOG_COMPILER_APPICON_NAME = AppIcon;
				ASSETCATALOG_COMPILER_GLOBAL_ACCENT_COLOR_NAME = AccentColor;
				CODE_SIGN_STYLE = Automatic;
				CURRENT_PROJECT_VERSION = 1;
				DEVELOPMENT_ASSET_PATHS = "\"Instagram/Preview Content\"";
				DEVELOPMENT_TEAM = 22G8DE6XVC;
				ENABLE_PREVIEWS = YES;
				GENERATE_INFOPLIST_FILE = YES;
				INFOPLIST_KEY_LSApplicationCategoryType = "public.app-category.social-networking";
				INFOPLIST_KEY_UIApplicationSceneManifest_Generation = YES;
				INFOPLIST_KEY_UIApplicationSupportsIndirectInputEvents = YES;
				INFOPLIST_KEY_UILaunchScreen_Generation = YES;
				INFOPLIST_KEY_UISupportedInterfaceOrientations = UIInterfaceOrientationPortrait;
				INFOPLIST_KEY_UISupportedInterfaceOrientations_iPad = "UIInterfaceOrientationLandscapeLeft UIInterfaceOrientationLandscapeRight UIInterfaceOrientationPortrait UIInterfaceOrientationPortraitUpsideDown";
				IPHONEOS_DEPLOYMENT_TARGET = 16.1;
				LD_RUNPATH_SEARCH_PATHS = (
					"$(inherited)",
					"@executable_path/Frameworks",
				);
				MARKETING_VERSION = 1.0;
				PRODUCT_BUNDLE_IDENTIFIER = com.viveksinghmehta.Instagram;
				PRODUCT_NAME = "$(TARGET_NAME)";
				SUPPORTED_PLATFORMS = "iphoneos iphonesimulator";
				SUPPORTS_MACCATALYST = NO;
				SUPPORTS_MAC_DESIGNED_FOR_IPHONE_IPAD = NO;
				SUPPORTS_XR_DESIGNED_FOR_IPHONE_IPAD = NO;
				SWIFT_EMIT_LOC_STRINGS = YES;
				SWIFT_VERSION = 5.0;
				TARGETED_DEVICE_FAMILY = 1;
			};
			name = Debug;
		};
		2EC8B9A42B6545C800C3F98B /* Release */ = {
			isa = XCBuildConfiguration;
			buildSettings = {
				ASSETCATALOG_COMPILER_APPICON_NAME = AppIcon;
				ASSETCATALOG_COMPILER_GLOBAL_ACCENT_COLOR_NAME = AccentColor;
				CODE_SIGN_STYLE = Automatic;
				CURRENT_PROJECT_VERSION = 1;
				DEVELOPMENT_ASSET_PATHS = "\"Instagram/Preview Content\"";
				DEVELOPMENT_TEAM = 22G8DE6XVC;
				ENABLE_PREVIEWS = YES;
				GENERATE_INFOPLIST_FILE = YES;
				INFOPLIST_KEY_LSApplicationCategoryType = "public.app-category.social-networking";
				INFOPLIST_KEY_UIApplicationSceneManifest_Generation = YES;
				INFOPLIST_KEY_UIApplicationSupportsIndirectInputEvents = YES;
				INFOPLIST_KEY_UILaunchScreen_Generation = YES;
				INFOPLIST_KEY_UISupportedInterfaceOrientations = UIInterfaceOrientationPortrait;
				INFOPLIST_KEY_UISupportedInterfaceOrientations_iPad = "UIInterfaceOrientationLandscapeLeft UIInterfaceOrientationLandscapeRight UIInterfaceOrientationPortrait UIInterfaceOrientationPortraitUpsideDown";
				IPHONEOS_DEPLOYMENT_TARGET = 16.1;
				LD_RUNPATH_SEARCH_PATHS = (
					"$(inherited)",
					"@executable_path/Frameworks",
				);
				MARKETING_VERSION = 1.0;
				PRODUCT_BUNDLE_IDENTIFIER = com.viveksinghmehta.Instagram;
				PRODUCT_NAME = "$(TARGET_NAME)";
				SUPPORTED_PLATFORMS = "iphoneos iphonesimulator";
				SUPPORTS_MACCATALYST = NO;
				SUPPORTS_MAC_DESIGNED_FOR_IPHONE_IPAD = NO;
				SUPPORTS_XR_DESIGNED_FOR_IPHONE_IPAD = NO;
				SWIFT_EMIT_LOC_STRINGS = YES;
				SWIFT_VERSION = 5.0;
				TARGETED_DEVICE_FAMILY = 1;
			};
			name = Release;
		};
/* End XCBuildConfiguration section */

/* Begin XCConfigurationList section */
		2EC8B98F2B6545C700C3F98B /* Build configuration list for PBXProject "Instagram" */ = {
			isa = XCConfigurationList;
			buildConfigurations = (
				2EC8B9A02B6545C800C3F98B /* Debug */,
				2EC8B9A12B6545C800C3F98B /* Release */,
			);
			defaultConfigurationIsVisible = 0;
			defaultConfigurationName = Release;
		};
		2EC8B9A22B6545C800C3F98B /* Build configuration list for PBXNativeTarget "Instagram" */ = {
			isa = XCConfigurationList;
			buildConfigurations = (
				2EC8B9A32B6545C800C3F98B /* Debug */,
				2EC8B9A42B6545C800C3F98B /* Release */,
			);
			defaultConfigurationIsVisible = 0;
			defaultConfigurationName = Release;
		};
/* End XCConfigurationList section */

/* Begin XCRemoteSwiftPackageReference section */
		2E95A4CD2B66189D00B0E911 /* XCRemoteSwiftPackageReference "SDWebImageSwiftUI" */ = {
			isa = XCRemoteSwiftPackageReference;
			repositoryURL = "https://github.com/SDWebImage/SDWebImageSwiftUI.git";
			requirement = {
				kind = upToNextMajorVersion;
				minimumVersion = 2.2.6;
			};
		};
/* End XCRemoteSwiftPackageReference section */

/* Begin XCSwiftPackageProductDependency section */
		2E95A4CE2B66189D00B0E911 /* SDWebImageSwiftUI */ = {
			isa = XCSwiftPackageProductDependency;
			package = 2E95A4CD2B66189D00B0E911 /* XCRemoteSwiftPackageReference "SDWebImageSwiftUI" */;
			productName = SDWebImageSwiftUI;
		};
/* End XCSwiftPackageProductDependency section */
	};
	rootObject = 2EC8B98C2B6545C700C3F98B /* Project object */;
}
